
Microsoft Visual Studio Solution File, Format Version 12.00
# Visual Studio Version 17
VisualStudioVersion = 17.3.32922.545
MinimumVisualStudioVersion = 10.0.40219.1
Project("{9A19103F-16F7-4668-BE54-9A1E7A4F7556}") = "Miljoboven3", "Miljoboven1\Miljoboven3.csproj", "{48041568-21FA-4E9A-96D2-C95C28E38416}"
EndProject
Global
	GlobalSection(SolutionConfigurationPlatforms) = preSolution
		Debug|Any CPU = Debug|Any CPU
		Release|Any CPU = Release|Any CPU
	EndGlobalSection
	GlobalSection(ProjectConfigurationPlatforms) = postSolution
		{48041568-21FA-4E9A-96D2-C95C28E38416}.Debug|Any CPU.ActiveCfg = Debug|Any CPU
		{48041568-21FA-4E9A-96D2-C95C28E38416}.Debug|Any CPU.Build.0 = Debug|Any CPU
		{48041568-21FA-4E9A-96D2-C95C28E38416}.Release|Any CPU.ActiveCfg = Release|Any CPU
		{48041568-21FA-4E9A-96D2-C95C28E38416}.Release|Any CPU.Build.0 = Release|Any CPU
	EndGlobalSection
	GlobalSection(SolutionProperties) = preSolution
		HideSolutionNode = FALSE
	EndGlobalSection
	GlobalSection(ExtensibilityGlobals) = postSolution
		SolutionGuid = {1DF73C47-03B4-46C0-AB87-F5FC095982C5}
	EndGlobalSection
EndGlobal
